<?xml version="1.0" encoding="utf-8"?>
<Project ToolsVersion="4.0" xmlns="http://schemas.microsoft.com/developer/msbuild/2003">
  <ItemGroup>
    <Filter Include="shaders">
      <UniqueIdentifier>{422395bb-fb27-4fb8-82d2-d4c0e4a81912}</UniqueIdentifier>
    </Filter>
    <Filter Include="code">
      <UniqueIdentifier>{93995380-89BD-4b04-88EB-625FBE52EBFB}</UniqueIdentifier>
      <Extensions>h;hh;hpp;hxx;hm;inl;inc;xsd</Extensions>
    </Filter>
    <Filter Include="code\vulkan">
      <UniqueIdentifier>{6d1ab719-6179-4bc6-ac3a-bc6ff88ce93f}</UniqueIdentifier>
    </Filter>
    <Filter Include="code\vulkan\pipelines">
      <UniqueIdentifier>{5626cd8c-7763-4394-aa32-3d7e1ce08b06}</UniqueIdentifier>
    </Filter>
    <Filter Include="code\vulkan\core">
      <UniqueIdentifier>{9731fc01-1c78-441b-aa77-8365a9a60c62}</UniqueIdentifier>
    </Filter>
    <Filter Include="code\vulkan\util">
      <UniqueIdentifier>{4ff53cec-cd38-4426-be53-be2ed26a9884}</UniqueIdentifier>
    </Filter>
    <Filter Include="code\deps">
      <UniqueIdentifier>{438721f2-b2df-4736-b550-620897169813}</UniqueIdentifier>
    </Filter>
    <Filter Include="code\util">
      <UniqueIdentifier>{26735d92-fe63-4ca4-a659-b6baa31d270a}</UniqueIdentifier>
    </Filter>
    <Filter Include="code\editor">
      <UniqueIdentifier>{8d39c302-6e12-4a9c-8a2c-7f32301265c6}</UniqueIdentifier>
    </Filter>
    <Filter Include="code\scene">
      <UniqueIdentifier>{8e08d939-af57-4de9-a30d-5ddc1bbe8fba}</UniqueIdentifier>
    </Filter>
    <Filter Include="code\scene\components">
      <UniqueIdentifier>{c32148bd-658b-4850-9756-15c541e7a217}</UniqueIdentifier>
    </Filter>
    <Filter Include="code\util\shapes">
      <UniqueIdentifier>{1ffc6200-2603-4fae-ad52-1a8ca1662e37}</UniqueIdentifier>
    </Filter>
    <Filter Include="code\util\fbx">
      <UniqueIdentifier>{62c1088f-34f5-45b1-8362-82d150b5b663}</UniqueIdentifier>
    </Filter>
    <Filter Include="code\editor\components">
      <UniqueIdentifier>{2daa2b21-aa9c-492f-81be-6a2aa4ffd41e}</UniqueIdentifier>
    </Filter>
    <Filter Include="code\editor\windows">
      <UniqueIdentifier>{ff20275e-c5cb-4c27-9d2e-c04f9c57cb49}</UniqueIdentifier>
    </Filter>
  </ItemGroup>
  <ItemGroup>
    <ClCompile Include="deps\imgui\imgui.cpp">
      <Filter>code\deps</Filter>
    </ClCompile>
    <ClCompile Include="deps\imgui\imgui_demo.cpp">
      <Filter>code\deps</Filter>
    </ClCompile>
    <ClCompile Include="deps\imgui\imgui_draw.cpp">
      <Filter>code\deps</Filter>
    </ClCompile>
    <ClCompile Include="code\vulkan\vkRenderer.cpp">
      <Filter>code\vulkan</Filter>
    </ClCompile>
    <ClCompile Include="code\vulkan\util\vkVertex.cpp">
      <Filter>code\vulkan\util</Filter>
    </ClCompile>
    <ClCompile Include="code\vulkan\util\vkWindow.cpp">
      <Filter>code\vulkan\util</Filter>
    </ClCompile>
    <ClCompile Include="code\vulkan\util\vkSpirvCompiler.cpp">
      <Filter>code\vulkan\util</Filter>
    </ClCompile>
    <ClCompile Include="code\vulkan\pipelines\vkPostprocessPipeline.cpp">
      <Filter>code\vulkan\pipelines</Filter>
    </ClCompile>
    <ClCompile Include="code\vulkan\pipelines\vkForwardPipeline.cpp">
      <Filter>code\vulkan\pipelines</Filter>
    </ClCompile>
    <ClCompile Include="code\vulkan\pipelines\vkImguiPipeline.cpp">
      <Filter>code\vulkan\pipelines</Filter>
    </ClCompile>
    <ClCompile Include="code\vulkan\core\vkSampler.cpp">
      <Filter>code\vulkan\core</Filter>
    </ClCompile>
    <ClCompile Include="code\vulkan\core\vkShader.cpp">
      <Filter>code\vulkan\core</Filter>
    </ClCompile>
    <ClCompile Include="code\vulkan\core\vkSwapChain.cpp">
      <Filter>code\vulkan\core</Filter>
    </ClCompile>
    <ClCompile Include="code\vulkan\core\vkTexture.cpp">
      <Filter>code\vulkan\core</Filter>
    </ClCompile>
    <ClCompile Include="code\vulkan\core\vkBuffer.cpp">
      <Filter>code\vulkan\core</Filter>
    </ClCompile>
    <ClCompile Include="code\vulkan\core\vkDevice.cpp">
      <Filter>code\vulkan\core</Filter>
    </ClCompile>
    <ClCompile Include="code\vulkan\core\vkFramebuffer.cpp">
      <Filter>code\vulkan\core</Filter>
    </ClCompile>
    <ClCompile Include="code\vulkan\core\vkImage.cpp">
      <Filter>code\vulkan\core</Filter>
    </ClCompile>
    <ClCompile Include="code\vulkan\core\vkImageView.cpp">
      <Filter>code\vulkan\core</Filter>
    </ClCompile>
    <ClCompile Include="code\vulkan\core\vkInstance.cpp">
      <Filter>code\vulkan\core</Filter>
    </ClCompile>
    <ClCompile Include="code\editor\fanMainMenuBar.cpp">
      <Filter>code\editor</Filter>
    </ClCompile>
    <ClCompile Include="code\util\fanInput.cpp">
      <Filter>code\util</Filter>
    </ClCompile>
    <ClCompile Include="code\util\fanTime.cpp">
      <Filter>code\util</Filter>
    </ClCompile>
    <ClCompile Include="code\fanEngine.cpp">
      <Filter>code</Filter>
    </ClCompile>
    <ClCompile Include="code\fanMain.cpp">
      <Filter>code</Filter>
    </ClCompile>
    <ClCompile Include="code\util\fanImguiUtil.cpp">
      <Filter>code\util</Filter>
    </ClCompile>
    <ClCompile Include="code\vulkan\pipelines\vkDebugPipeline.cpp">
      <Filter>code\vulkan\pipelines</Filter>
    </ClCompile>
    <ClCompile Include="code\scene\fanGameobject.cpp">
      <Filter>code\scene</Filter>
    </ClCompile>
    <ClCompile Include="code\scene\fanScene.cpp">
      <Filter>code\scene</Filter>
    </ClCompile>
    <ClCompile Include="code\scene\components\fanTransform.cpp">
      <Filter>code\scene\components</Filter>
    </ClCompile>
    <ClCompile Include="code\scene\components\fanComponent.cpp">
      <Filter>code\scene\components</Filter>
    </ClCompile>
    <ClCompile Include="code\scene\components\fanCamera.cpp">
      <Filter>code\scene\components</Filter>
    </ClCompile>
    <ClCompile Include="code\util\shapes\fanRay.cpp">
      <Filter>code\util\shapes</Filter>
    </ClCompile>
    <ClCompile Include="code\scene\components\fanMesh.cpp">
      <Filter>code\scene\components</Filter>
    </ClCompile>
    <ClCompile Include="code\util\fbx\fanFbxImporter.cpp">
      <Filter>code\util\fbx</Filter>
    </ClCompile>
    <ClCompile Include="code\util\fanUniqueID.cpp">
      <Filter>code\util</Filter>
    </ClCompile>
    <ClCompile Include="code\scene\components\fanActor.cpp">
      <Filter>code\scene\components</Filter>
    </ClCompile>
    <ClCompile Include="code\editor\components\fanEditorCamera.cpp">
      <Filter>code\editor\components</Filter>
    </ClCompile>
    <ClCompile Include="code\editor\windows\fanPreferencesWindow.cpp">
      <Filter>code\editor\windows</Filter>
    </ClCompile>
    <ClCompile Include="code\editor\windows\fanRenderWindow.cpp">
      <Filter>code\editor\windows</Filter>
    </ClCompile>
    <ClCompile Include="code\editor\windows\fanSceneWindow.cpp">
      <Filter>code\editor\windows</Filter>
    </ClCompile>
    <ClCompile Include="code\editor\windows\fanWindow.cpp">
      <Filter>code\editor\windows</Filter>
    </ClCompile>
    <ClCompile Include="code\editor\windows\fanInspectorWindow.cpp">
      <Filter>code\editor\windows</Filter>
    </ClCompile>
  </ItemGroup>
  <ItemGroup>
    <ClInclude Include="code\vulkan\vkRenderer.h">
      <Filter>code\vulkan</Filter>
    </ClInclude>
    <ClInclude Include="code\vulkan\util\vkSpirvCompiler.h">
      <Filter>code\vulkan\util</Filter>
    </ClInclude>
    <ClInclude Include="code\vulkan\util\vkVertex.h">
      <Filter>code\vulkan\util</Filter>
    </ClInclude>
    <ClInclude Include="code\vulkan\util\vkWindow.h">
      <Filter>code\vulkan\util</Filter>
    </ClInclude>
    <ClInclude Include="code\vulkan\pipelines\vkPostprocessPipeline.h">
      <Filter>code\vulkan\pipelines</Filter>
    </ClInclude>
    <ClInclude Include="code\vulkan\pipelines\vkForwardPipeline.h">
      <Filter>code\vulkan\pipelines</Filter>
    </ClInclude>
    <ClInclude Include="code\vulkan\pipelines\vkImguiPipeline.h">
      <Filter>code\vulkan\pipelines</Filter>
    </ClInclude>
    <ClInclude Include="code\vulkan\core\vkSampler.h">
      <Filter>code\vulkan\core</Filter>
    </ClInclude>
    <ClInclude Include="code\vulkan\core\vkShader.h">
      <Filter>code\vulkan\core</Filter>
    </ClInclude>
    <ClInclude Include="code\vulkan\core\vkSwapChain.h">
      <Filter>code\vulkan\core</Filter>
    </ClInclude>
    <ClInclude Include="code\vulkan\core\vkTexture.h">
      <Filter>code\vulkan\core</Filter>
    </ClInclude>
    <ClInclude Include="code\vulkan\core\vkBuffer.h">
      <Filter>code\vulkan\core</Filter>
    </ClInclude>
    <ClInclude Include="code\vulkan\core\vkDevice.h">
      <Filter>code\vulkan\core</Filter>
    </ClInclude>
    <ClInclude Include="code\vulkan\core\vkFrameBuffer.h">
      <Filter>code\vulkan\core</Filter>
    </ClInclude>
    <ClInclude Include="code\vulkan\core\vkImage.h">
      <Filter>code\vulkan\core</Filter>
    </ClInclude>
    <ClInclude Include="code\vulkan\core\vkImageView.h">
      <Filter>code\vulkan\core</Filter>
    </ClInclude>
    <ClInclude Include="code\vulkan\core\vkInstance.h">
      <Filter>code\vulkan\core</Filter>
    </ClInclude>
    <ClInclude Include="code\editor\fanMainMenuBar.h">
      <Filter>code\editor</Filter>
    </ClInclude>
    <ClInclude Include="code\util\fanSignal.h">
      <Filter>code\util</Filter>
    </ClInclude>
    <ClInclude Include="code\util\fanInput.h">
      <Filter>code\util</Filter>
    </ClInclude>
    <ClInclude Include="code\util\fanTime.h">
      <Filter>code\util</Filter>
    </ClInclude>
    <ClInclude Include="code\fanEngine.h">
      <Filter>code</Filter>
    </ClInclude>
    <ClInclude Include="code\fanIncludes.h">
      <Filter>code</Filter>
    </ClInclude>
    <ClInclude Include="code\util\fanImguiUtil.h">
      <Filter>code\util</Filter>
    </ClInclude>
    <ClInclude Include="code\vulkan\pipelines\vkDebugPipeline.h">
      <Filter>code\vulkan\pipelines</Filter>
    </ClInclude>
    <ClInclude Include="code\scene\fanGameobject.h">
      <Filter>code\scene</Filter>
    </ClInclude>
    <ClInclude Include="code\scene\fanScene.h">
      <Filter>code\scene</Filter>
    </ClInclude>
    <ClInclude Include="code\scene\components\fanTransform.h">
      <Filter>code\scene\components</Filter>
    </ClInclude>
    <ClInclude Include="code\scene\components\fanComponent.h">
      <Filter>code\scene\components</Filter>
    </ClInclude>
    <ClInclude Include="code\util\fanUtil.h">
      <Filter>code\vulkan\util</Filter>
    </ClInclude>
    <ClInclude Include="code\scene\components\fanCamera.h">
      <Filter>code\scene\components</Filter>
    </ClInclude>
    <ClInclude Include="code\util\shapes\fanRay.h">
      <Filter>code\util\shapes</Filter>
    </ClInclude>
    <ClInclude Include="code\scene\components\fanMesh.h">
      <Filter>code\scene\components</Filter>
    </ClInclude>
    <ClInclude Include="code\util\fbx\fanFbxImporter.h">
      <Filter>code\util\fbx</Filter>
    </ClInclude>
    <ClInclude Include="code\util\fanUniqueID.h">
      <Filter>code\util</Filter>
    </ClInclude>
    <ClInclude Include="code\scene\components\fanActor.h">
      <Filter>code\scene\components</Filter>
    </ClInclude>
    <ClInclude Include="code\editor\components\fanEditorCamera.h">
      <Filter>code\editor\components</Filter>
    </ClInclude>
    <ClInclude Include="code\editor\windows\fanPreferencesWindow.h">
      <Filter>code\editor\windows</Filter>
    </ClInclude>
    <ClInclude Include="code\editor\windows\fanRenderWindow.h">
      <Filter>code\editor\windows</Filter>
    </ClInclude>
    <ClInclude Include="code\editor\windows\fanSceneWindow.h">
      <Filter>code\editor\windows</Filter>
    </ClInclude>
    <ClInclude Include="code\editor\windows\fanWindow.h">
      <Filter>code\editor\windows</Filter>
    </ClInclude>
    <ClInclude Include="code\editor\windows\fanInspectorWindow.h">
      <Filter>code\editor\windows</Filter>
    </ClInclude>
  </ItemGroup>
  <ItemGroup>
    <None Include="shaders\forward.frag">
      <Filter>shaders</Filter>
    </None>
    <None Include="shaders\forward.vert">
      <Filter>shaders</Filter>
    </None>
    <None Include="shaders\imgui.frag">
      <Filter>shaders</Filter>
    </None>
    <None Include="shaders\imgui.vert">
      <Filter>shaders</Filter>
    </None>
    <None Include="shaders\postprocess.frag">
      <Filter>shaders</Filter>
    </None>
    <None Include="shaders\postprocess.vert">
      <Filter>shaders</Filter>
    </None>
    <None Include="shaders\debug.frag">
      <Filter>shaders</Filter>
    </None>
    <None Include="shaders\debug.vert">
      <Filter>shaders</Filter>
    </None>
  </ItemGroup>
</Project>