<?xml version="1.0" encoding="utf-8"?>
<Project ToolsVersion="4.0" xmlns="http://schemas.microsoft.com/developer/msbuild/2003">
  <ItemGroup>
    <Filter Include="Fichiers d%27en-tête">
      <UniqueIdentifier>{93995380-89BD-4b04-88EB-625FBE52EBFB}</UniqueIdentifier>
      <Extensions>h;hh;hpp;hxx;hm;inl;inc;xsd</Extensions>
    </Filter>
    <Filter Include="shaders">
      <UniqueIdentifier>{422395bb-fb27-4fb8-82d2-d4c0e4a81912}</UniqueIdentifier>
    </Filter>
    <Filter Include="Fichiers d%27en-tête\vulkan">
      <UniqueIdentifier>{6d1ab719-6179-4bc6-ac3a-bc6ff88ce93f}</UniqueIdentifier>
    </Filter>
    <Filter Include="Fichiers d%27en-tête\deps">
      <UniqueIdentifier>{438721f2-b2df-4736-b550-620897169813}</UniqueIdentifier>
    </Filter>
    <Filter Include="Fichiers d%27en-tête\util">
      <UniqueIdentifier>{26735d92-fe63-4ca4-a659-b6baa31d270a}</UniqueIdentifier>
    </Filter>
  </ItemGroup>
  <ItemGroup>
    <ClCompile Include="code\main.cpp">
      <Filter>Fichiers d%27en-tête</Filter>
    </ClCompile>
    <ClCompile Include="code\vulkan\vkRenderer.cpp">
      <Filter>Fichiers d%27en-tête\vulkan</Filter>
    </ClCompile>
    <ClCompile Include="code\vulkan\vkTexture.cpp">
      <Filter>Fichiers d%27en-tête\vulkan</Filter>
    </ClCompile>
    <ClCompile Include="code\util\Time.cpp">
      <Filter>Fichiers d%27en-tête\util</Filter>
    </ClCompile>
    <ClCompile Include="code\util\glfwInput.cpp">
      <Filter>Fichiers d%27en-tête\util</Filter>
    </ClCompile>
    <ClCompile Include="code\vulkan\vkDevice.cpp">
      <Filter>Fichiers d%27en-tête\vulkan</Filter>
    </ClCompile>
    <ClCompile Include="code\vulkan\vkInstance.cpp">
      <Filter>Fichiers d%27en-tête\vulkan</Filter>
    </ClCompile>
    <ClCompile Include="code\vulkan\vkBuffer.cpp">
      <Filter>Fichiers d%27en-tête\vulkan</Filter>
    </ClCompile>
    <ClCompile Include="code\vulkan\vkFramebuffer.cpp">
      <Filter>Fichiers d%27en-tête\vulkan</Filter>
    </ClCompile>
    <ClCompile Include="code\vulkan\vkImage.cpp">
      <Filter>Fichiers d%27en-tête\vulkan</Filter>
    </ClCompile>
    <ClCompile Include="code\vulkan\vkSampler.cpp">
      <Filter>Fichiers d%27en-tête\vulkan</Filter>
    </ClCompile>
    <ClCompile Include="code\vulkan\vkShader.cpp">
      <Filter>Fichiers d%27en-tête\vulkan</Filter>
    </ClCompile>
    <ClCompile Include="code\vulkan\vkImageView.cpp">
      <Filter>Fichiers d%27en-tête\vulkan</Filter>
    </ClCompile>
    <ClCompile Include="code\vulkan\vkSpirvCompiler.cpp">
      <Filter>Fichiers d%27en-tête\vulkan</Filter>
    </ClCompile>
    <ClCompile Include="code\vulkan\vkVertex.cpp">
      <Filter>Fichiers d%27en-tête\vulkan</Filter>
    </ClCompile>
    <ClCompile Include="code\vulkan\vkWindow.cpp">
      <Filter>Fichiers d%27en-tête\vulkan</Filter>
    </ClCompile>
    <ClCompile Include="code\vulkan\vkSwapChain.cpp">
      <Filter>Fichiers d%27en-tête\vulkan</Filter>
    </ClCompile>
    <ClCompile Include="deps\imgui\imgui.cpp">
      <Filter>Fichiers d%27en-tête\deps</Filter>
    </ClCompile>
    <ClCompile Include="deps\imgui\imgui_demo.cpp">
      <Filter>Fichiers d%27en-tête\deps</Filter>
    </ClCompile>
    <ClCompile Include="deps\imgui\imgui_draw.cpp">
      <Filter>Fichiers d%27en-tête\deps</Filter>
    </ClCompile>
    <ClCompile Include="code\vulkan\vkPostprocessPipeline.cpp">
      <Filter>Fichiers d%27en-tête\vulkan</Filter>
    </ClCompile>
  </ItemGroup>
  <ItemGroup>
    <ClInclude Include="code\vulkan\vkImage.h">
      <Filter>Fichiers d%27en-tête\vulkan</Filter>
    </ClInclude>
    <ClInclude Include="code\vulkan\vkInstance.h">
      <Filter>Fichiers d%27en-tête\vulkan</Filter>
    </ClInclude>
    <ClInclude Include="code\vulkan\vkRenderer.h">
      <Filter>Fichiers d%27en-tête\vulkan</Filter>
    </ClInclude>
    <ClInclude Include="code\vulkan\vkShader.h">
      <Filter>Fichiers d%27en-tête\vulkan</Filter>
    </ClInclude>
    <ClInclude Include="code\vulkan\vkSpirvCompiler.h">
      <Filter>Fichiers d%27en-tête\vulkan</Filter>
    </ClInclude>
    <ClInclude Include="code\vulkan\vkSwapChain.h">
      <Filter>Fichiers d%27en-tête\vulkan</Filter>
    </ClInclude>
    <ClInclude Include="code\vulkan\vkWindow.h">
      <Filter>Fichiers d%27en-tête\vulkan</Filter>
    </ClInclude>
    <ClInclude Include="code\vulkan\vkBuffer.h">
      <Filter>Fichiers d%27en-tête\vulkan</Filter>
    </ClInclude>
    <ClInclude Include="code\vulkan\vkDevice.h">
      <Filter>Fichiers d%27en-tête\vulkan</Filter>
    </ClInclude>
    <ClInclude Include="code\vulkan\vkFrameBuffer.h">
      <Filter>Fichiers d%27en-tête\vulkan</Filter>
    </ClInclude>
    <ClInclude Include="code\vulkan\vkVertex.h">
      <Filter>Fichiers d%27en-tête\vulkan</Filter>
    </ClInclude>
    <ClInclude Include="code\vulkan\vkSampler.h">
      <Filter>Fichiers d%27en-tête\vulkan</Filter>
    </ClInclude>
    <ClInclude Include="code\vulkan\vkTexture.h">
      <Filter>Fichiers d%27en-tête\vulkan</Filter>
    </ClInclude>
    <ClInclude Include="code\util\Time.h">
      <Filter>Fichiers d%27en-tête\util</Filter>
    </ClInclude>
    <ClInclude Include="code\util\glfwInput.h">
      <Filter>Fichiers d%27en-tête\util</Filter>
    </ClInclude>
    <ClInclude Include="code\vulkan\vkImageView.h">
      <Filter>Fichiers d%27en-tête\vulkan</Filter>
    </ClInclude>
    <ClInclude Include="code\Includes.h">
      <Filter>Fichiers d%27en-tête</Filter>
    </ClInclude>
    <ClInclude Include="code\vulkan\vkImguiPipeline.h">
      <Filter>Fichiers d%27en-tête\vulkan</Filter>
    </ClInclude>
    <ClInclude Include="code\vulkan\vkPostprocessPipeline.h">
      <Filter>Fichiers d%27en-tête\vulkan</Filter>
    </ClInclude>
  </ItemGroup>
  <ItemGroup>
    <None Include="shaders\forward.frag">
      <Filter>shaders</Filter>
    </None>
    <None Include="shaders\forward.vert">
      <Filter>shaders</Filter>
    </None>
    <None Include="shaders\imgui.frag">
      <Filter>shaders</Filter>
    </None>
    <None Include="shaders\imgui.vert">
      <Filter>shaders</Filter>
    </None>
    <None Include="shaders\postprocess.frag">
      <Filter>shaders</Filter>
    </None>
    <None Include="shaders\postprocess.vert">
      <Filter>shaders</Filter>
    </None>
  </ItemGroup>
</Project>